// !$*UTF8*$!
{
	archiveVersion = 1;
	classes = {
	};
	objectVersion = 56;
	objects = {

/* Begin PBXBuildFile section */
		F61A885229E4A8AA00E23C5B /* CameraViewController.swift in Sources */ = {isa = PBXBuildFile; fileRef = F61A885129E4A8AA00E23C5B /* CameraViewController.swift */; };
		F61A885429E8BA8800E23C5B /* SaveNewPlantViewController.swift in Sources */ = {isa = PBXBuildFile; fileRef = F61A885329E8BA8800E23C5B /* SaveNewPlantViewController.swift */; };
		F61A885629F33A2400E23C5B /* ScheduleTableViewController.swift in Sources */ = {isa = PBXBuildFile; fileRef = F61A885529F33A2400E23C5B /* ScheduleTableViewController.swift */; };
		F61A885829F33B4000E23C5B /* PlantDetailViewController.swift in Sources */ = {isa = PBXBuildFile; fileRef = F61A885729F33B4000E23C5B /* PlantDetailViewController.swift */; };
		F62B503329DB69A500C71595 /* AppDelegate.swift in Sources */ = {isa = PBXBuildFile; fileRef = F62B503229DB69A500C71595 /* AppDelegate.swift */; };
		F62B503529DB69A500C71595 /* SceneDelegate.swift in Sources */ = {isa = PBXBuildFile; fileRef = F62B503429DB69A500C71595 /* SceneDelegate.swift */; };
		F62B503729DB69A500C71595 /* ViewController.swift in Sources */ = {isa = PBXBuildFile; fileRef = F62B503629DB69A500C71595 /* ViewController.swift */; };
		F62B503A29DB69A500C71595 /* Main.storyboard in Resources */ = {isa = PBXBuildFile; fileRef = F62B503829DB69A500C71595 /* Main.storyboard */; };
		F62B503D29DB69A500C71595 /* LeafLog.xcdatamodeld in Sources */ = {isa = PBXBuildFile; fileRef = F62B503B29DB69A500C71595 /* LeafLog.xcdatamodeld */; };
		F62B503F29DB69A600C71595 /* Assets.xcassets in Resources */ = {isa = PBXBuildFile; fileRef = F62B503E29DB69A600C71595 /* Assets.xcassets */; };
		F62B504229DB69A600C71595 /* LaunchScreen.storyboard in Resources */ = {isa = PBXBuildFile; fileRef = F62B504029DB69A600C71595 /* LaunchScreen.storyboard */; };
		F62B504C29DB7C5500C71595 /* PlantCell.swift in Sources */ = {isa = PBXBuildFile; fileRef = F62B504B29DB7C5500C71595 /* PlantCell.swift */; };
		F62B504E29DB889B00C71595 /* NewPlantController.swift in Sources */ = {isa = PBXBuildFile; fileRef = F62B504D29DB889B00C71595 /* NewPlantController.swift */; };
		F62B5F3329F5E82B00E34D1C /* jsonTest in Resources */ = {isa = PBXBuildFile; fileRef = F62B5F3229F5E82B00E34D1C /* jsonTest */; };
		F65FAA9929F7176A00D356BA /* Plant+CoreDataClass.swift in Sources */ = {isa = PBXBuildFile; fileRef = F65FAA9729F7176A00D356BA /* Plant+CoreDataClass.swift */; };
		F65FAA9A29F7176A00D356BA /* Plant+CoreDataProperties.swift in Sources */ = {isa = PBXBuildFile; fileRef = F65FAA9829F7176A00D356BA /* Plant+CoreDataProperties.swift */; };
		F6DA1B7829F888A3000713C7 /* DetailImageCell.swift in Sources */ = {isa = PBXBuildFile; fileRef = F6DA1B7729F888A3000713C7 /* DetailImageCell.swift */; };
		F6DA1B7A29F888B5000713C7 /* DetailTextCell.swift in Sources */ = {isa = PBXBuildFile; fileRef = F6DA1B7929F888B5000713C7 /* DetailTextCell.swift */; };
		F6DA1B7C29F888C3000713C7 /* DetailSlideshowCell.swift in Sources */ = {isa = PBXBuildFile; fileRef = F6DA1B7B29F888C3000713C7 /* DetailSlideshowCell.swift */; };
/* End PBXBuildFile section */

/* Begin PBXFileReference section */
		F61A885129E4A8AA00E23C5B /* CameraViewController.swift */ = {isa = PBXFileReference; lastKnownFileType = sourcecode.swift; path = CameraViewController.swift; sourceTree = "<group>"; };
		F61A885329E8BA8800E23C5B /* SaveNewPlantViewController.swift */ = {isa = PBXFileReference; lastKnownFileType = sourcecode.swift; path = SaveNewPlantViewController.swift; sourceTree = "<group>"; };
		F61A885529F33A2400E23C5B /* ScheduleTableViewController.swift */ = {isa = PBXFileReference; lastKnownFileType = sourcecode.swift; path = ScheduleTableViewController.swift; sourceTree = "<group>"; };
		F61A885729F33B4000E23C5B /* PlantDetailViewController.swift */ = {isa = PBXFileReference; lastKnownFileType = sourcecode.swift; path = PlantDetailViewController.swift; sourceTree = "<group>"; };
		F62B502F29DB69A500C71595 /* LeafLog.app */ = {isa = PBXFileReference; explicitFileType = wrapper.application; includeInIndex = 0; path = LeafLog.app; sourceTree = BUILT_PRODUCTS_DIR; };
		F62B503229DB69A500C71595 /* AppDelegate.swift */ = {isa = PBXFileReference; lastKnownFileType = sourcecode.swift; path = AppDelegate.swift; sourceTree = "<group>"; };
		F62B503429DB69A500C71595 /* SceneDelegate.swift */ = {isa = PBXFileReference; lastKnownFileType = sourcecode.swift; path = SceneDelegate.swift; sourceTree = "<group>"; };
		F62B503629DB69A500C71595 /* ViewController.swift */ = {isa = PBXFileReference; lastKnownFileType = sourcecode.swift; path = ViewController.swift; sourceTree = "<group>"; };
		F62B503929DB69A500C71595 /* Base */ = {isa = PBXFileReference; lastKnownFileType = file.storyboard; name = Base; path = Base.lproj/Main.storyboard; sourceTree = "<group>"; };
		F62B503C29DB69A500C71595 /* LeafLog.xcdatamodel */ = {isa = PBXFileReference; lastKnownFileType = wrapper.xcdatamodel; path = LeafLog.xcdatamodel; sourceTree = "<group>"; };
		F62B503E29DB69A600C71595 /* Assets.xcassets */ = {isa = PBXFileReference; lastKnownFileType = folder.assetcatalog; path = Assets.xcassets; sourceTree = "<group>"; };
		F62B504129DB69A600C71595 /* Base */ = {isa = PBXFileReference; lastKnownFileType = file.storyboard; name = Base; path = Base.lproj/LaunchScreen.storyboard; sourceTree = "<group>"; };
		F62B504B29DB7C5500C71595 /* PlantCell.swift */ = {isa = PBXFileReference; lastKnownFileType = sourcecode.swift; path = PlantCell.swift; sourceTree = "<group>"; };
		F62B504D29DB889B00C71595 /* NewPlantController.swift */ = {isa = PBXFileReference; lastKnownFileType = sourcecode.swift; path = NewPlantController.swift; sourceTree = "<group>"; };
		F62B5F3229F5E82B00E34D1C /* jsonTest */ = {isa = PBXFileReference; lastKnownFileType = text; path = jsonTest; sourceTree = "<group>"; };
		F65FAA9729F7176A00D356BA /* Plant+CoreDataClass.swift */ = {isa = PBXFileReference; lastKnownFileType = sourcecode.swift; path = "Plant+CoreDataClass.swift"; sourceTree = "<group>"; };
		F65FAA9829F7176A00D356BA /* Plant+CoreDataProperties.swift */ = {isa = PBXFileReference; lastKnownFileType = sourcecode.swift; path = "Plant+CoreDataProperties.swift"; sourceTree = "<group>"; };
		F6DA1B7729F888A3000713C7 /* DetailImageCell.swift */ = {isa = PBXFileReference; lastKnownFileType = sourcecode.swift; path = DetailImageCell.swift; sourceTree = "<group>"; };
		F6DA1B7929F888B5000713C7 /* DetailTextCell.swift */ = {isa = PBXFileReference; lastKnownFileType = sourcecode.swift; path = DetailTextCell.swift; sourceTree = "<group>"; };
		F6DA1B7B29F888C3000713C7 /* DetailSlideshowCell.swift */ = {isa = PBXFileReference; lastKnownFileType = sourcecode.swift; path = DetailSlideshowCell.swift; sourceTree = "<group>"; };
/* End PBXFileReference section */

/* Begin PBXFrameworksBuildPhase section */
		F62B502C29DB69A500C71595 /* Frameworks */ = {
			isa = PBXFrameworksBuildPhase;
			buildActionMask = 2147483647;
			files = (
			);
			runOnlyForDeploymentPostprocessing = 0;
		};
/* End PBXFrameworksBuildPhase section */

/* Begin PBXGroup section */
		F62B502629DB69A500C71595 = {
			isa = PBXGroup;
			children = (
				F62B503B29DB69A500C71595 /* LeafLog.xcdatamodeld */,
				F65FAA9729F7176A00D356BA /* Plant+CoreDataClass.swift */,
				F65FAA9829F7176A00D356BA /* Plant+CoreDataProperties.swift */,
				F62B503129DB69A500C71595 /* LeafLog */,
				F62B503029DB69A500C71595 /* Products */,
			);
			sourceTree = "<group>";
		};
		F62B503029DB69A500C71595 /* Products */ = {
			isa = PBXGroup;
			children = (
				F62B502F29DB69A500C71595 /* LeafLog.app */,
			);
			name = Products;
			sourceTree = "<group>";
		};
		F62B503129DB69A500C71595 /* LeafLog */ = {
			isa = PBXGroup;
			children = (
				F6DA1B7529F86D39000713C7 /* MyGarden */,
				F61A885529F33A2400E23C5B /* ScheduleTableViewController.swift */,
				F62B5F3229F5E82B00E34D1C /* jsonTest */,
				F62B503229DB69A500C71595 /* AppDelegate.swift */,
				F62B503429DB69A500C71595 /* SceneDelegate.swift */,
				F62B503E29DB69A600C71595 /* Assets.xcassets */,
				F6DA1B7629F86ECD000713C7 /* Storyboards */,
			);
			path = LeafLog;
			sourceTree = "<group>";
		};
		F6DA1B7529F86D39000713C7 /* MyGarden */ = {
			isa = PBXGroup;
			children = (
				F61A885329E8BA8800E23C5B /* SaveNewPlantViewController.swift */,
				F61A885129E4A8AA00E23C5B /* CameraViewController.swift */,
				F62B504D29DB889B00C71595 /* NewPlantController.swift */,
				F62B503629DB69A500C71595 /* ViewController.swift */,
				F61A885729F33B4000E23C5B /* PlantDetailViewController.swift */,
				F62B504B29DB7C5500C71595 /* PlantCell.swift */,
				F6DA1B7B29F888C3000713C7 /* DetailSlideshowCell.swift */,
				F6DA1B7929F888B5000713C7 /* DetailTextCell.swift */,
				F6DA1B7729F888A3000713C7 /* DetailImageCell.swift */,
			);
			path = MyGarden;
			sourceTree = "<group>";
		};
		F6DA1B7629F86ECD000713C7 /* Storyboards */ = {
			isa = PBXGroup;
			children = (
				F62B503829DB69A500C71595 /* Main.storyboard */,
				F62B504029DB69A600C71595 /* LaunchScreen.storyboard */,
			);
			path = Storyboards;
			sourceTree = "<group>";
		};
/* End PBXGroup section */

/* Begin PBXNativeTarget section */
		F62B502E29DB69A500C71595 /* LeafLog */ = {
			isa = PBXNativeTarget;
			buildConfigurationList = F62B504629DB69A600C71595 /* Build configuration list for PBXNativeTarget "LeafLog" */;
			buildPhases = (
				F62B502B29DB69A500C71595 /* Sources */,
				F62B502C29DB69A500C71595 /* Frameworks */,
				F62B502D29DB69A500C71595 /* Resources */,
			);
			buildRules = (
			);
			dependencies = (
			);
			name = LeafLog;
			productName = LeafLog;
			productReference = F62B502F29DB69A500C71595 /* LeafLog.app */;
			productType = "com.apple.product-type.application";
		};
/* End PBXNativeTarget section */

/* Begin PBXProject section */
		F62B502729DB69A500C71595 /* Project object */ = {
			isa = PBXProject;
			attributes = {
				BuildIndependentTargetsInParallel = 1;
				LastSwiftUpdateCheck = 1430;
				LastUpgradeCheck = 1430;
				TargetAttributes = {
					F62B502E29DB69A500C71595 = {
						CreatedOnToolsVersion = 14.3;
					};
				};
			};
			buildConfigurationList = F62B502A29DB69A500C71595 /* Build configuration list for PBXProject "LeafLog" */;
			compatibilityVersion = "Xcode 14.0";
			developmentRegion = en;
			hasScannedForEncodings = 0;
			knownRegions = (
				en,
				Base,
			);
			mainGroup = F62B502629DB69A500C71595;
			productRefGroup = F62B503029DB69A500C71595 /* Products */;
			projectDirPath = "";
			projectRoot = "";
			targets = (
				F62B502E29DB69A500C71595 /* LeafLog */,
			);
		};
/* End PBXProject section */

/* Begin PBXResourcesBuildPhase section */
		F62B502D29DB69A500C71595 /* Resources */ = {
			isa = PBXResourcesBuildPhase;
			buildActionMask = 2147483647;
			files = (
				F62B504229DB69A600C71595 /* LaunchScreen.storyboard in Resources */,
				F62B503F29DB69A600C71595 /* Assets.xcassets in Resources */,
				F62B5F3329F5E82B00E34D1C /* jsonTest in Resources */,
				F62B503A29DB69A500C71595 /* Main.storyboard in Resources */,
			);
			runOnlyForDeploymentPostprocessing = 0;
		};
/* End PBXResourcesBuildPhase section */

/* Begin PBXSourcesBuildPhase section */
		F62B502B29DB69A500C71595 /* Sources */ = {
			isa = PBXSourcesBuildPhase;
			buildActionMask = 2147483647;
			files = (
				F61A885629F33A2400E23C5B /* ScheduleTableViewController.swift in Sources */,
				F62B504E29DB889B00C71595 /* NewPlantController.swift in Sources */,
				F62B503729DB69A500C71595 /* ViewController.swift in Sources */,
				F65FAA9A29F7176A00D356BA /* Plant+CoreDataProperties.swift in Sources */,
				F61A885829F33B4000E23C5B /* PlantDetailViewController.swift in Sources */,
				F62B504C29DB7C5500C71595 /* PlantCell.swift in Sources */,
				F62B503329DB69A500C71595 /* AppDelegate.swift in Sources */,
				F6DA1B7A29F888B5000713C7 /* DetailTextCell.swift in Sources */,
				F65FAA9929F7176A00D356BA /* Plant+CoreDataClass.swift in Sources */,
				F61A885429E8BA8800E23C5B /* SaveNewPlantViewController.swift in Sources */,
				F61A885229E4A8AA00E23C5B /* CameraViewController.swift in Sources */,
				F6DA1B7829F888A3000713C7 /* DetailImageCell.swift in Sources */,
				F62B503D29DB69A500C71595 /* LeafLog.xcdatamodeld in Sources */,
				F62B503529DB69A500C71595 /* SceneDelegate.swift in Sources */,
				F6DA1B7C29F888C3000713C7 /* DetailSlideshowCell.swift in Sources */,
			);
			runOnlyForDeploymentPostprocessing = 0;
		};
/* End PBXSourcesBuildPhase section */

/* Begin PBXVariantGroup section */
		F62B503829DB69A500C71595 /* Main.storyboard */ = {
			isa = PBXVariantGroup;
			children = (
				F62B503929DB69A500C71595 /* Base */,
			);
			name = Main.storyboard;
			sourceTree = "<group>";
		};
		F62B504029DB69A600C71595 /* LaunchScreen.storyboard */ = {
			isa = PBXVariantGroup;
			children = (
				F62B504129DB69A600C71595 /* Base */,
			);
			name = LaunchScreen.storyboard;
			sourceTree = "<group>";
		};
/* End PBXVariantGroup section */

/* Begin XCBuildConfiguration section */
		F62B504429DB69A600C71595 /* Debug */ = {
			isa = XCBuildConfiguration;
			buildSettings = {
				ALWAYS_SEARCH_USER_PATHS = NO;
				CLANG_ANALYZER_NONNULL = YES;
				CLANG_ANALYZER_NUMBER_OBJECT_CONVERSION = YES_AGGRESSIVE;
				CLANG_CXX_LANGUAGE_STANDARD = "gnu++20";
				CLANG_ENABLE_MODULES = YES;
				CLANG_ENABLE_OBJC_ARC = YES;
				CLANG_ENABLE_OBJC_WEAK = YES;
				CLANG_WARN_BLOCK_CAPTURE_AUTORELEASING = YES;
				CLANG_WARN_BOOL_CONVERSION = YES;
				CLANG_WARN_COMMA = YES;
				CLANG_WARN_CONSTANT_CONVERSION = YES;
				CLANG_WARN_DEPRECATED_OBJC_IMPLEMENTATIONS = YES;
				CLANG_WARN_DIRECT_OBJC_ISA_USAGE = YES_ERROR;
				CLANG_WARN_DOCUMENTATION_COMMENTS = YES;
				CLANG_WARN_EMPTY_BODY = YES;
				CLANG_WARN_ENUM_CONVERSION = YES;
				CLANG_WARN_INFINITE_RECURSION = YES;
				CLANG_WARN_INT_CONVERSION = YES;
				CLANG_WARN_NON_LITERAL_NULL_CONVERSION = YES;
				CLANG_WARN_OBJC_IMPLICIT_RETAIN_SELF = YES;
				CLANG_WARN_OBJC_LITERAL_CONVERSION = YES;
				CLANG_WARN_OBJC_ROOT_CLASS = YES_ERROR;
				CLANG_WARN_QUOTED_INCLUDE_IN_FRAMEWORK_HEADER = YES;
				CLANG_WARN_RANGE_LOOP_ANALYSIS = YES;
				CLANG_WARN_STRICT_PROTOTYPES = YES;
				CLANG_WARN_SUSPICIOUS_MOVE = YES;
				CLANG_WARN_UNGUARDED_AVAILABILITY = YES_AGGRESSIVE;
				CLANG_WARN_UNREACHABLE_CODE = YES;
				CLANG_WARN__DUPLICATE_METHOD_MATCH = YES;
				COPY_PHASE_STRIP = NO;
				DEBUG_INFORMATION_FORMAT = dwarf;
				ENABLE_STRICT_OBJC_MSGSEND = YES;
				ENABLE_TESTABILITY = YES;
				GCC_C_LANGUAGE_STANDARD = gnu11;
				GCC_DYNAMIC_NO_PIC = NO;
				GCC_NO_COMMON_BLOCKS = YES;
				GCC_OPTIMIZATION_LEVEL = 0;
				GCC_PREPROCESSOR_DEFINITIONS = (
					"DEBUG=1",
					"$(inherited)",
				);
				GCC_WARN_64_TO_32_BIT_CONVERSION = YES;
				GCC_WARN_ABOUT_RETURN_TYPE = YES_ERROR;
				GCC_WARN_UNDECLARED_SELECTOR = YES;
				GCC_WARN_UNINITIALIZED_AUTOS = YES_AGGRESSIVE;
				GCC_WARN_UNUSED_FUNCTION = YES;
				GCC_WARN_UNUSED_VARIABLE = YES;
				IPHONEOS_DEPLOYMENT_TARGET = 16.4;
				MTL_ENABLE_DEBUG_INFO = INCLUDE_SOURCE;
				MTL_FAST_MATH = YES;
				ONLY_ACTIVE_ARCH = YES;
				SDKROOT = iphoneos;
				SWIFT_ACTIVE_COMPILATION_CONDITIONS = DEBUG;
				SWIFT_OPTIMIZATION_LEVEL = "-Onone";
			};
			name = Debug;
		};
		F62B504529DB69A600C71595 /* Release */ = {
			isa = XCBuildConfiguration;
			buildSettings = {
				ALWAYS_SEARCH_USER_PATHS = NO;
				CLANG_ANALYZER_NONNULL = YES;
				CLANG_ANALYZER_NUMBER_OBJECT_CONVERSION = YES_AGGRESSIVE;
				CLANG_CXX_LANGUAGE_STANDARD = "gnu++20";
				CLANG_ENABLE_MODULES = YES;
				CLANG_ENABLE_OBJC_ARC = YES;
				CLANG_ENABLE_OBJC_WEAK = YES;
				CLANG_WARN_BLOCK_CAPTURE_AUTORELEASING = YES;
				CLANG_WARN_BOOL_CONVERSION = YES;
				CLANG_WARN_COMMA = YES;
				CLANG_WARN_CONSTANT_CONVERSION = YES;
				CLANG_WARN_DEPRECATED_OBJC_IMPLEMENTATIONS = YES;
				CLANG_WARN_DIRECT_OBJC_ISA_USAGE = YES_ERROR;
				CLANG_WARN_DOCUMENTATION_COMMENTS = YES;
				CLANG_WARN_EMPTY_BODY = YES;
				CLANG_WARN_ENUM_CONVERSION = YES;
				CLANG_WARN_INFINITE_RECURSION = YES;
				CLANG_WARN_INT_CONVERSION = YES;
				CLANG_WARN_NON_LITERAL_NULL_CONVERSION = YES;
				CLANG_WARN_OBJC_IMPLICIT_RETAIN_SELF = YES;
				CLANG_WARN_OBJC_LITERAL_CONVERSION = YES;
				CLANG_WARN_OBJC_ROOT_CLASS = YES_ERROR;
				CLANG_WARN_QUOTED_INCLUDE_IN_FRAMEWORK_HEADER = YES;
				CLANG_WARN_RANGE_LOOP_ANALYSIS = YES;
				CLANG_WARN_STRICT_PROTOTYPES = YES;
				CLANG_WARN_SUSPICIOUS_MOVE = YES;
				CLANG_WARN_UNGUARDED_AVAILABILITY = YES_AGGRESSIVE;
				CLANG_WARN_UNREACHABLE_CODE = YES;
				CLANG_WARN__DUPLICATE_METHOD_MATCH = YES;
				COPY_PHASE_STRIP = NO;
				DEBUG_INFORMATION_FORMAT = "dwarf-with-dsym";
				ENABLE_NS_ASSERTIONS = NO;
				ENABLE_STRICT_OBJC_MSGSEND = YES;
				GCC_C_LANGUAGE_STANDARD = gnu11;
				GCC_NO_COMMON_BLOCKS = YES;
				GCC_WARN_64_TO_32_BIT_CONVERSION = YES;
				GCC_WARN_ABOUT_RETURN_TYPE = YES_ERROR;
				GCC_WARN_UNDECLARED_SELECTOR = YES;
				GCC_WARN_UNINITIALIZED_AUTOS = YES_AGGRESSIVE;
				GCC_WARN_UNUSED_FUNCTION = YES;
				GCC_WARN_UNUSED_VARIABLE = YES;
				IPHONEOS_DEPLOYMENT_TARGET = 16.4;
				MTL_ENABLE_DEBUG_INFO = NO;
				MTL_FAST_MATH = YES;
				SDKROOT = iphoneos;
				SWIFT_COMPILATION_MODE = wholemodule;
				SWIFT_OPTIMIZATION_LEVEL = "-O";
				VALIDATE_PRODUCT = YES;
			};
			name = Release;
		};
		F62B504729DB69A600C71595 /* Debug */ = {
			isa = XCBuildConfiguration;
			buildSettings = {
				ASSETCATALOG_COMPILER_APPICON_NAME = AppIcon;
				ASSETCATALOG_COMPILER_GLOBAL_ACCENT_COLOR_NAME = AccentColor;
				CODE_SIGN_STYLE = Automatic;
				CURRENT_PROJECT_VERSION = 1;
				DEVELOPMENT_TEAM = X67TLHFY58;
				GENERATE_INFOPLIST_FILE = YES;
				INFOPLIST_FILE = LeafLog/Info.plist;
				INFOPLIST_KEY_CFBundleDisplayName = LeafLog;
				INFOPLIST_KEY_LSApplicationCategoryType = "public.app-category.lifestyle";
				INFOPLIST_KEY_NSCameraUsageDescription = "Allow access to take new pictures of plants!";
				INFOPLIST_KEY_UIApplicationSupportsIndirectInputEvents = YES;
				INFOPLIST_KEY_UILaunchStoryboardName = LaunchScreen;
				INFOPLIST_KEY_UIMainStoryboardFile = Main;
				INFOPLIST_KEY_UISupportedInterfaceOrientations = UIInterfaceOrientationPortrait;
				LD_RUNPATH_SEARCH_PATHS = (
					"$(inherited)",
					"@executable_path/Frameworks",
				);
				MARKETING_VERSION = 1.0;
				PRODUCT_BUNDLE_IDENTIFIER = com.jonathantipton.LeafLog;
				PRODUCT_NAME = "$(TARGET_NAME)";
				SUPPORTED_PLATFORMS = "iphoneos iphonesimulator";
				SUPPORTS_MACCATALYST = NO;
				SUPPORTS_MAC_DESIGNED_FOR_IPHONE_IPAD = NO;
				SWIFT_EMIT_LOC_STRINGS = YES;
				SWIFT_VERSION = 5.0;
				TARGETED_DEVICE_FAMILY = 1;
			};
			name = Debug;
		};
		F62B504829DB69A600C71595 /* Release */ = {
			isa = XCBuildConfiguration;
			buildSettings = {
				ASSETCATALOG_COMPILER_APPICON_NAME = AppIcon;
				ASSETCATALOG_COMPILER_GLOBAL_ACCENT_COLOR_NAME = AccentColor;
				CODE_SIGN_STYLE = Automatic;
				CURRENT_PROJECT_VERSION = 1;
				DEVELOPMENT_TEAM = X67TLHFY58;
				GENERATE_INFOPLIST_FILE = YES;
				INFOPLIST_FILE = LeafLog/Info.plist;
				INFOPLIST_KEY_CFBundleDisplayName = LeafLog;
				INFOPLIST_KEY_LSApplicationCategoryType = "public.app-category.lifestyle";
				INFOPLIST_KEY_NSCameraUsageDescription = "Allow access to take new pictures of plants!";
				INFOPLIST_KEY_UIApplicationSupportsIndirectInputEvents = YES;
				INFOPLIST_KEY_UILaunchStoryboardName = LaunchScreen;
				INFOPLIST_KEY_UIMainStoryboardFile = Main;
				INFOPLIST_KEY_UISupportedInterfaceOrientations = UIInterfaceOrientationPortrait;
				LD_RUNPATH_SEARCH_PATHS = (
					"$(inherited)",
					"@executable_path/Frameworks",
				);
				MARKETING_VERSION = 1.0;
				PRODUCT_BUNDLE_IDENTIFIER = com.jonathantipton.LeafLog;
				PRODUCT_NAME = "$(TARGET_NAME)";
				SUPPORTED_PLATFORMS = "iphoneos iphonesimulator";
				SUPPORTS_MACCATALYST = NO;
				SUPPORTS_MAC_DESIGNED_FOR_IPHONE_IPAD = NO;
				SWIFT_EMIT_LOC_STRINGS = YES;
				SWIFT_VERSION = 5.0;
				TARGETED_DEVICE_FAMILY = 1;
			};
			name = Release;
		};
/* End XCBuildConfiguration section */

/* Begin XCConfigurationList section */
		F62B502A29DB69A500C71595 /* Build configuration list for PBXProject "LeafLog" */ = {
			isa = XCConfigurationList;
			buildConfigurations = (
				F62B504429DB69A600C71595 /* Debug */,
				F62B504529DB69A600C71595 /* Release */,
			);
			defaultConfigurationIsVisible = 0;
			defaultConfigurationName = Release;
		};
		F62B504629DB69A600C71595 /* Build configuration list for PBXNativeTarget "LeafLog" */ = {
			isa = XCConfigurationList;
			buildConfigurations = (
				F62B504729DB69A600C71595 /* Debug */,
				F62B504829DB69A600C71595 /* Release */,
			);
			defaultConfigurationIsVisible = 0;
			defaultConfigurationName = Release;
		};
/* End XCConfigurationList section */

/* Begin XCVersionGroup section */
		F62B503B29DB69A500C71595 /* LeafLog.xcdatamodeld */ = {
			isa = XCVersionGroup;
			children = (
				F62B503C29DB69A500C71595 /* LeafLog.xcdatamodel */,
			);
			currentVersion = F62B503C29DB69A500C71595 /* LeafLog.xcdatamodel */;
			path = LeafLog.xcdatamodeld;
			sourceTree = "<group>";
			versionGroupType = wrapper.xcdatamodel;
		};
/* End XCVersionGroup section */
	};
	rootObject = F62B502729DB69A500C71595 /* Project object */;
}
